
Microsoft Visual Studio Solution File, Format Version 12.00
# Visual Studio Version 16
VisualStudioVersion = 16.0.30104.148
MinimumVisualStudioVersion = 10.0.40219.1
Project("{FAE04EC0-301F-11D3-BF4B-00C04F79EFBC}") = "Students", "Students\Students.csproj", "{CF344E84-3183-4B5D-8C47-7A691458E801}"
EndProject
Global
	GlobalSection(SolutionConfigurationPlatforms) = preSolution
		Debug|Any CPU = Debug|Any CPU
		Release|Any CPU = Release|Any CPU
	EndGlobalSection
	GlobalSection(ProjectConfigurationPlatforms) = postSolution
		{CF344E84-3183-4B5D-8C47-7A691458E801}.Debug|Any CPU.ActiveCfg = Debug|Any CPU
		{CF344E84-3183-4B5D-8C47-7A691458E801}.Debug|Any CPU.Build.0 = Debug|Any CPU
		{CF344E84-3183-4B5D-8C47-7A691458E801}.Release|Any CPU.ActiveCfg = Release|Any CPU
		{CF344E84-3183-4B5D-8C47-7A691458E801}.Release|Any CPU.Build.0 = Release|Any CPU
	EndGlobalSection
	GlobalSection(SolutionProperties) = preSolution
		HideSolutionNode = FALSE
	EndGlobalSection
	GlobalSection(ExtensibilityGlobals) = postSolution
		SolutionGuid = {2818F657-1CDD-4347-B623-FF7092D3C24D}
	EndGlobalSection
EndGlobal
